<?xml version="1.0" encoding="utf-8"?>
<Project ToolsVersion="4.0" xmlns="http://schemas.microsoft.com/developer/msbuild/2003">
  <ItemGroup>
    <Filter Include="Source Files">
      <UniqueIdentifier>{4FC737F1-C7A5-4376-A066-2A32D752A2FF}</UniqueIdentifier>
      <Extensions>cpp;c;cc;cxx;def;odl;idl;hpj;bat;asm;asmx</Extensions>
    </Filter>
    <Filter Include="Header Files">
      <UniqueIdentifier>{93995380-89BD-4b04-88EB-625FBE52EBFB}</UniqueIdentifier>
      <Extensions>h;hh;hpp;hxx;hm;inl;inc;xsd</Extensions>
    </Filter>
    <Filter Include="Resource Files">
      <UniqueIdentifier>{D9D6E242-F8AF-46E4-B9FD-80ECBC20BA3E}</UniqueIdentifier>
      <Extensions>qrc;*</Extensions>
      <ParseFiles>false</ParseFiles>
    </Filter>
    <Filter Include="Resource Files">
      <UniqueIdentifier>{D9D6E242-F8AF-46E4-B9FD-80ECBC20BA3E}</UniqueIdentifier>
      <Extensions>qrc;*</Extensions>
      <ParseFiles>false</ParseFiles>
    </Filter>
    <Filter Include="Generated Files">
      <UniqueIdentifier>{71ED8ED8-ACB9-4CE9-BBE1-E00B30144E11}</UniqueIdentifier>
      <Extensions>moc;h;cpp</Extensions>
      <SourceControlFiles>False</SourceControlFiles>
    </Filter>
    <Filter Include="Generated Files\Debug">
      <UniqueIdentifier>{9c408b46-62e2-4a7c-9510-2088131197e1}</UniqueIdentifier>
      <Extensions>cpp;moc</Extensions>
      <SourceControlFiles>False</SourceControlFiles>
    </Filter>
    <Filter Include="Generated Files\Release">
      <UniqueIdentifier>{e38619de-5140-4b90-9ef2-70075a95e0f2}</UniqueIdentifier>
      <Extensions>cpp;moc</Extensions>
      <SourceControlFiles>False</SourceControlFiles>
    </Filter>
    <Filter Include="Header Files\Model">
      <UniqueIdentifier>{95a3eafd-ebe2-425e-9098-45789f60d6a4}</UniqueIdentifier>
    </Filter>
    <Filter Include="Header Files\Math">
      <UniqueIdentifier>{0a8fb43c-2282-4d45-9276-de18a7a2c743}</UniqueIdentifier>
    </Filter>
    <Filter Include="Header Files\Renderers">
      <UniqueIdentifier>{7167bf5e-d305-483f-9945-0ca7b63489b1}</UniqueIdentifier>
    </Filter>
    <Filter Include="Header Files\OpenGLapi">
      <UniqueIdentifier>{7566cb81-818a-4dc4-a583-b53cba3c4c13}</UniqueIdentifier>
    </Filter>
    <Filter Include="Header Files\Object&amp;Scripts">
      <UniqueIdentifier>{d9e0b201-187c-45ec-aaeb-e096ea04a33d}</UniqueIdentifier>
    </Filter>
    <Filter Include="Header Files\Particles">
      <UniqueIdentifier>{42325a4a-af82-4ebc-8e96-3b776187f528}</UniqueIdentifier>
    </Filter>
    <Filter Include="Source Files\Shaders">
      <UniqueIdentifier>{8892c5fd-0cd7-4ff7-91fc-957de7b1d768}</UniqueIdentifier>
    </Filter>
    <Filter Include="Source Files\Model">
      <UniqueIdentifier>{7d486657-0c25-4ac7-b353-beb975df4d78}</UniqueIdentifier>
    </Filter>
    <Filter Include="Source Files\Math">
      <UniqueIdentifier>{467263bd-256b-456f-807f-17ca44258f2d}</UniqueIdentifier>
    </Filter>
    <Filter Include="Source Files\Objects&amp;Scripts">
      <UniqueIdentifier>{4b69ee72-db7c-4f2f-8b73-03a1f4c3fde3}</UniqueIdentifier>
    </Filter>
    <Filter Include="Source Files\OpenGLapi">
      <UniqueIdentifier>{22eb34a3-7601-4c82-a629-eefbb870dadd}</UniqueIdentifier>
    </Filter>
    <Filter Include="Source Files\Particles">
      <UniqueIdentifier>{38efc6e8-27ca-4b96-8d9c-8002e86b192c}</UniqueIdentifier>
    </Filter>
    <Filter Include="Source Files\Renderers">
      <UniqueIdentifier>{431321da-037f-4f35-8307-33c4a9b2017d}</UniqueIdentifier>
    </Filter>
    <Filter Include="Header Files\Managers">
      <UniqueIdentifier>{99758c25-2684-4855-b1ed-a566cbc4b71e}</UniqueIdentifier>
    </Filter>
    <Filter Include="Source Files\Managers">
      <UniqueIdentifier>{20ec5f5e-35bd-4eeb-82aa-2a633f6f765a}</UniqueIdentifier>
    </Filter>
  </ItemGroup>
  <ItemGroup>
    <ClCompile Include="main.cpp">
      <Filter>Source Files</Filter>
    </ClCompile>
    <ClCompile Include="dbGLWindiw.cpp">
      <Filter>Source Files</Filter>
    </ClCompile>
    <ClCompile Include="dbWidget.cpp">
      <Filter>Source Files</Filter>
    </ClCompile>
    <ClCompile Include="DebugSlider.cpp">
      <Filter>Source Files</Filter>
    </ClCompile>
    <ClCompile Include="GeneratedFiles\Debug\moc_DebugSlider.cpp">
      <Filter>Generated Files\Debug</Filter>
    </ClCompile>
    <ClCompile Include="GeneratedFiles\Release\moc_DebugSlider.cpp">
      <Filter>Generated Files\Release</Filter>
    </ClCompile>
    <ClCompile Include="GeneratedFiles\Debug\moc_dbWidget.cpp">
      <Filter>Generated Files\Debug</Filter>
    </ClCompile>
    <ClCompile Include="GeneratedFiles\Release\moc_dbWidget.cpp">
      <Filter>Generated Files\Release</Filter>
    </ClCompile>
    <ClCompile Include="Sound.cpp">
      <Filter>Source Files</Filter>
    </ClCompile>
    <ClCompile Include="handlers.cpp">
      <Filter>Source Files</Filter>
    </ClCompile>
    <ClCompile Include="AssimpMesh.cpp">
      <Filter>Source Files\Model</Filter>
    </ClCompile>
    <ClCompile Include="AssimpModel.cpp">
      <Filter>Source Files\Model</Filter>
    </ClCompile>
    <ClCompile Include="MyMesh.cpp">
      <Filter>Source Files\Model</Filter>
    </ClCompile>
    <ClCompile Include="MyModel.cpp">
      <Filter>Source Files\Model</Filter>
    </ClCompile>
    <ClCompile Include="ShapeGenerator.cpp">
      <Filter>Source Files\Model</Filter>
    </ClCompile>
    <ClCompile Include="BoxCollider.cpp">
      <Filter>Source Files\Math</Filter>
    </ClCompile>
    <ClCompile Include="Camera.cpp">
      <Filter>Source Files\Math</Filter>
    </ClCompile>
    <ClCompile Include="CameraRay.cpp">
      <Filter>Source Files\Math</Filter>
    </ClCompile>
    <ClCompile Include="clock.cpp">
      <Filter>Source Files\Math</Filter>
    </ClCompile>
    <ClCompile Include="BrightFilterrender.cpp">
      <Filter>Source Files\Renderers</Filter>
    </ClCompile>
    <ClCompile Include="colorFBO.cpp">
      <Filter>Source Files\OpenGLapi</Filter>
    </ClCompile>
    <ClCompile Include="GaussianBlurRender.cpp">
      <Filter>Source Files\Renderers</Filter>
    </ClCompile>
    <ClCompile Include="HexRender.cpp">
      <Filter>Source Files\Renderers</Filter>
    </ClCompile>
    <ClCompile Include="MainRender.cpp">
      <Filter>Source Files\Renderers</Filter>
    </ClCompile>
    <ClCompile Include="MoveScript.cpp">
      <Filter>Source Files\Objects&amp;Scripts</Filter>
    </ClCompile>
    <ClCompile Include="Object.cpp">
      <Filter>Source Files\Objects&amp;Scripts</Filter>
    </ClCompile>
    <ClCompile Include="OutlinRender.cpp">
      <Filter>Source Files\Renderers</Filter>
    </ClCompile>
    <ClCompile Include="Particle.cpp">
      <Filter>Source Files\Particles</Filter>
    </ClCompile>
    <ClCompile Include="ParticleRender.cpp">
      <Filter>Source Files\Renderers</Filter>
    </ClCompile>
    <ClCompile Include="ParticleSystem.cpp">
      <Filter>Source Files\Particles</Filter>
    </ClCompile>
    <ClCompile Include="PlaneLine.cpp">
      <Filter>Source Files\Math</Filter>
    </ClCompile>
    <ClCompile Include="Shader.cpp">
      <Filter>Source Files\OpenGLapi</Filter>
    </ClCompile>
    <ClCompile Include="ShootingParticleSystem.cpp">
      <Filter>Source Files\Particles</Filter>
    </ClCompile>
    <ClCompile Include="SkyBoxRender.cpp">
      <Filter>Source Files\Renderers</Filter>
    </ClCompile>
    <ClCompile Include="Texture.cpp">
      <Filter>Source Files\OpenGLapi</Filter>
    </ClCompile>
    <ClCompile Include="TerrainModel.cpp">
      <Filter>Source Files\Model</Filter>
    </ClCompile>
    <ClCompile Include="Timer.cpp">
      <Filter>Source Files\Math</Filter>
    </ClCompile>
    <ClCompile Include="WaterRender.cpp">
      <Filter>Source Files\Renderers</Filter>
    </ClCompile>
    <ClCompile Include="WaveRender.cpp">
      <Filter>Source Files\Renderers</Filter>
    </ClCompile>
    <ClCompile Include="ShadowMapFbo.cpp">
      <Filter>Source Files\OpenGLapi</Filter>
    </ClCompile>
    <ClCompile Include="Transform.cpp">
      <Filter>Source Files\Math</Filter>
    </ClCompile>
    <ClCompile Include="ShadowRender.cpp">
      <Filter>Source Files\Renderers</Filter>
    </ClCompile>
    <ClCompile Include="SkyNoiseRender.cpp">
      <Filter>Source Files\Renderers</Filter>
    </ClCompile>
    <ClCompile Include="GUI.cpp">
      <Filter>Source Files</Filter>
    </ClCompile>
    <ClCompile Include="MovementAPI.cpp">
      <Filter>Source Files\Objects&amp;Scripts</Filter>
    </ClCompile>
    <ClCompile Include="SkyBoxMesh.cpp">
      <Filter>Source Files\Model</Filter>
    </ClCompile>
    <ClCompile Include="ScreenRender.cpp">
      <Filter>Source Files\Renderers</Filter>
    </ClCompile>
    <ClCompile Include="ScreenMesh.cpp">
      <Filter>Source Files\Model</Filter>
    </ClCompile>
    <ClCompile Include="GlBufferContext.cpp">
      <Filter>Source Files\OpenGLapi</Filter>
    </ClCompile>
    <ClCompile Include="ShaderCode.cpp">
      <Filter>Source Files\Shaders</Filter>
    </ClCompile>
    <ClCompile Include="ModelManager.cpp">
      <Filter>Source Files\Managers</Filter>
    </ClCompile>
    <ClCompile Include="TextureManager.cpp">
      <Filter>Source Files\Managers</Filter>
    </ClCompile>
    <ClCompile Include="Rigger.cpp">
      <Filter>Source Files\Model</Filter>
    </ClCompile>
    <ClCompile Include="SceletalAnimation.cpp">
      <Filter>Source Files\Model</Filter>
    </ClCompile>
    <ClCompile Include="RenderManager.cpp">
      <Filter>Source Files\Managers</Filter>
    </ClCompile>
    <ClCompile Include="MainContext.cpp">
      <Filter>Source Files</Filter>
    </ClCompile>
    <ClCompile Include="InputController.cpp">
      <Filter>Source Files</Filter>
    </ClCompile>
  </ItemGroup>
  <ItemGroup>
    <ClInclude Include="dbGLWindiw.h">
      <Filter>Header Files</Filter>
    </ClInclude>
    <ClInclude Include="Structures.h">
      <Filter>Header Files</Filter>
    </ClInclude>
    <ClInclude Include="..\..\AmericanTreasureGame\AmericanTreasureGame\Interfaces.h">
      <Filter>Header Files</Filter>
    </ClInclude>
    <ClInclude Include="Sound.h">
      <Filter>Header Files</Filter>
    </ClInclude>
    <ClInclude Include="InterfacesDB.h">
      <Filter>Header Files</Filter>
    </ClInclude>
    <ClInclude Include="AssimpMesh.h">
      <Filter>Header Files\Model</Filter>
    </ClInclude>
    <ClInclude Include="AssimpModel.h">
      <Filter>Header Files\Model</Filter>
    </ClInclude>
    <ClInclude Include="MyMesh.h">
      <Filter>Header Files\Model</Filter>
    </ClInclude>
    <ClInclude Include="MyModel.h">
      <Filter>Header Files\Model</Filter>
    </ClInclude>
    <ClInclude Include="Vertex.h">
      <Filter>Header Files\Model</Filter>
    </ClInclude>
    <ClInclude Include="Bone.h">
      <Filter>Header Files\Model</Filter>
    </ClInclude>
    <ClInclude Include="TerrainModel.h">
      <Filter>Header Files\Model</Filter>
    </ClInclude>
    <ClInclude Include="TeapotData.h">
      <Filter>Header Files\Model</Filter>
    </ClInclude>
    <ClInclude Include="BoxCollider.h">
      <Filter>Header Files\Math</Filter>
    </ClInclude>
    <ClInclude Include="Camera.h">
      <Filter>Header Files\Math</Filter>
    </ClInclude>
    <ClInclude Include="CameraRay.h">
      <Filter>Header Files\Math</Filter>
    </ClInclude>
    <ClInclude Include="Clock.h">
      <Filter>Header Files\Math</Filter>
    </ClInclude>
    <ClInclude Include="Timer.h">
      <Filter>Header Files\Math</Filter>
    </ClInclude>
    <ClInclude Include="Transform.h">
      <Filter>Header Files\Math</Filter>
    </ClInclude>
    <ClInclude Include="ShapeData.h">
      <Filter>Header Files\Model</Filter>
    </ClInclude>
    <ClInclude Include="SharedData.h">
      <Filter>Header Files\Model</Filter>
    </ClInclude>
    <ClInclude Include="ShapeGenerator.h">
      <Filter>Header Files\Model</Filter>
    </ClInclude>
    <ClInclude Include="BrightFilterrender.h">
      <Filter>Header Files\Renderers</Filter>
    </ClInclude>
    <ClInclude Include="GaussianBlurRender.h">
      <Filter>Header Files\Renderers</Filter>
    </ClInclude>
    <ClInclude Include="HexRender.h">
      <Filter>Header Files\Renderers</Filter>
    </ClInclude>
    <ClInclude Include="MainRender.h">
      <Filter>Header Files\Renderers</Filter>
    </ClInclude>
    <ClInclude Include="OutlinRender.h">
      <Filter>Header Files\Renderers</Filter>
    </ClInclude>
    <ClInclude Include="ShadowRender.h">
      <Filter>Header Files\Renderers</Filter>
    </ClInclude>
    <ClInclude Include="SkyBoxRender.h">
      <Filter>Header Files\Renderers</Filter>
    </ClInclude>
    <ClInclude Include="SkyNoiseRender.h">
      <Filter>Header Files\Renderers</Filter>
    </ClInclude>
    <ClInclude Include="WaveRender.h">
      <Filter>Header Files\Renderers</Filter>
    </ClInclude>
    <ClInclude Include="PlaneLine.h">
      <Filter>Header Files\Math</Filter>
    </ClInclude>
    <ClInclude Include="colorFBO.h">
      <Filter>Header Files\OpenGLapi</Filter>
    </ClInclude>
    <ClInclude Include="Shader.h">
      <Filter>Header Files\OpenGLapi</Filter>
    </ClInclude>
    <ClInclude Include="Texture.h">
      <Filter>Header Files\OpenGLapi</Filter>
    </ClInclude>
    <ClInclude Include="ShadowMapFbo.h">
      <Filter>Header Files\OpenGLapi</Filter>
    </ClInclude>
    <ClInclude Include="Object.h">
      <Filter>Header Files\Object&amp;Scripts</Filter>
    </ClInclude>
    <ClInclude Include="TerrainObject.h">
      <Filter>Header Files\Object&amp;Scripts</Filter>
    </ClInclude>
    <ClInclude Include="MoveScript.h">
      <Filter>Header Files\Object&amp;Scripts</Filter>
    </ClInclude>
    <ClInclude Include="Particle.h">
      <Filter>Header Files\Particles</Filter>
    </ClInclude>
    <ClInclude Include="GUI.h">
      <Filter>Header Files</Filter>
    </ClInclude>
    <ClInclude Include="Random.h">
      <Filter>Header Files\Math</Filter>
    </ClInclude>
    <ClInclude Include="Hex.h">
      <Filter>Header Files\Math</Filter>
    </ClInclude>
    <ClInclude Include="MovementAPI.h">
      <Filter>Header Files\Object&amp;Scripts</Filter>
    </ClInclude>
    <ClInclude Include="SkyBoxMesh.h">
      <Filter>Header Files\Model</Filter>
    </ClInclude>
    <ClInclude Include="ScreenRender.h">
      <Filter>Header Files\Renderers</Filter>
    </ClInclude>
    <ClInclude Include="ScreenMesh.h">
      <Filter>Header Files\Model</Filter>
    </ClInclude>
    <ClInclude Include="GlBufferContext.h">
      <Filter>Header Files\OpenGLapi</Filter>
    </ClInclude>
    <ClInclude Include="ModelManager.h">
      <Filter>Header Files\Managers</Filter>
    </ClInclude>
    <ClInclude Include="TextureManager.h">
      <Filter>Header Files\Managers</Filter>
    </ClInclude>
    <ClInclude Include="Rigger.h">
      <Filter>Header Files\Model</Filter>
    </ClInclude>
    <ClInclude Include="SceletalAnimation.h">
      <Filter>Header Files\Model</Filter>
    </ClInclude>
    <ClInclude Include="RenderManager.h">
      <Filter>Header Files\Managers</Filter>
    </ClInclude>
    <ClInclude Include="MainContext.h">
      <Filter>Header Files</Filter>
    </ClInclude>
    <ClInclude Include="InputController.h">
      <Filter>Header Files</Filter>
    </ClInclude>
  </ItemGroup>
  <ItemGroup>
    <None Include="FragmentShaderCode.glsl">
      <Filter>Source Files\Shaders</Filter>
    </None>
    <None Include="FragmentShades.glsl">
      <Filter>Source Files\Shaders</Filter>
    </None>
    <None Include="BrightFilterFragment.glsl">
      <Filter>Source Files\Shaders</Filter>
    </None>
    <None Include="GaussianFragmentShader.glsl">
      <Filter>Source Files\Shaders</Filter>
    </None>
    <None Include="GaussianVertexShader.glsl">
      <Filter>Source Files\Shaders</Filter>
    </None>
    <None Include="HexGeometry.glsl">
      <Filter>Source Files\Shaders</Filter>
    </None>
    <None Include="ParticleFragmentShader.glsl">
      <Filter>Source Files\Shaders</Filter>
    </None>
    <None Include="ParticleVertexShader.glsl">
      <Filter>Source Files\Shaders</Filter>
    </None>
    <None Include="SkyNoiseFragmentShader.glsl">
      <Filter>Source Files\Shaders</Filter>
    </None>
    <None Include="SkyNoiseVertexShader.glsl">
      <Filter>Source Files\Shaders</Filter>
    </None>
    <None Include="PostProcessingFragmentShader.glsl">
      <Filter>Source Files\Shaders</Filter>
    </None>
    <None Include="PostProcessingVertexShader.glsl">
      <Filter>Source Files\Shaders</Filter>
    </None>
    <None Include="SkyBoxFragmentShader.glsl">
      <Filter>Source Files\Shaders</Filter>
    </None>
    <None Include="SkyBoxVertexShader.glsl">
      <Filter>Source Files\Shaders</Filter>
    </None>
    <None Include="VertexShaderCode.glsl">
      <Filter>Source Files\Shaders</Filter>
    </None>
    <None Include="StencilFragmentShader.glsl">
      <Filter>Source Files\Shaders</Filter>
    </None>
    <None Include="VertexShades.glsl">
      <Filter>Source Files\Shaders</Filter>
    </None>
    <None Include="WaterVertexShader.glsl">
      <Filter>Source Files\Shaders</Filter>
    </None>
    <None Include="WaterFragmentShader.glsl">
      <Filter>Source Files\Shaders</Filter>
    </None>
    <None Include="WaveFragmentShader.glsl">
      <Filter>Source Files\Shaders</Filter>
    </None>
    <None Include="WaveVertexShader.glsl">
      <Filter>Source Files\Shaders</Filter>
    </None>
  </ItemGroup>
  <ItemGroup>
    <CustomBuild Include="DebugSlider.h">
      <Filter>Header Files</Filter>
    </CustomBuild>
    <CustomBuild Include="dbWidget.h">
      <Filter>Header Files</Filter>
    </CustomBuild>
    <CustomBuild Include="ParticleRender.h">
      <Filter>Header Files\Renderers</Filter>
    </CustomBuild>
    <CustomBuild Include="WaterRender.h">
      <Filter>Header Files\Renderers</Filter>
    </CustomBuild>
    <CustomBuild Include="ParticleSystem.h">
      <Filter>Header Files\Particles</Filter>
    </CustomBuild>
    <CustomBuild Include="ShootingParticleSystem.h">
      <Filter>Header Files\Particles</Filter>
    </CustomBuild>
  </ItemGroup>
</Project>