<?xml version="1.0" encoding="utf-8"?>
<Project ToolsVersion="4.0" xmlns="http://schemas.microsoft.com/developer/msbuild/2003">
  <ItemGroup>
    <ClCompile Include="Mainer.cpp" />
    <ClCompile Include="dbGLWindiw.cpp" />
    <ClCompile Include="ShaderCode.cpp" />
    <ClCompile Include="ShapeGenerator.cpp" />
    <ClCompile Include="Camera.cpp" />
    <ClCompile Include="ShadowMapFbo.cpp" />
    <ClCompile Include="Texture.cpp" />
    <ClCompile Include="AssimpMesh.cpp" />
    <ClCompile Include="MyMesh.cpp" />
    <ClCompile Include="MyModel.cpp" />
    <ClCompile Include="RayCastingModel.cpp" />
    <ClCompile Include="colorFBO.cpp" />
    <ClCompile Include="dbWidget.cpp" />
    <ClCompile Include="AssimpModel.cpp" />
  </ItemGroup>
  <ItemGroup>
    <ClInclude Include="dbGLWindiw.h" />
    <ClInclude Include="Vertex.h">
      <Filter>Primitives</Filter>
    </ClInclude>
    <ClInclude Include="ShapeData.h">
      <Filter>Primitives</Filter>
    </ClInclude>
    <ClInclude Include="ShapeGenerator.h" />
    <ClInclude Include="Camera.h" />
    <ClInclude Include="ShadowMapFbo.h" />
    <ClInclude Include="Structures.h" />
    <ClInclude Include="Texture.h" />
    <ClInclude Include="AssimpMesh.h" />
    <ClInclude Include="MyMesh.h" />
    <ClInclude Include="MyModel.h" />
    <ClInclude Include="RayCastingModel.h" />
    <ClInclude Include="colorFBO.h" />
    <ClInclude Include="AssimpModel.h" />
  </ItemGroup>
  <ItemGroup>
    <None Include="VertexShaderCode.glsl" />
    <None Include="FragmentShaderCode.glsl" />
    <None Include="VertexShades.glsl" />
    <None Include="FragmentShades.glsl" />
    <None Include="StencilFragmentShader.glsl" />
    <None Include="PostProcessingFragmentShader.glsl" />
    <None Include="PostProcessingVertexShader.glsl" />
  </ItemGroup>
  <ItemGroup>
    <Filter Include="Primitives">
      <UniqueIdentifier>{e0a34bfe-8b8a-4d29-9343-3c48f525752d}</UniqueIdentifier>
    </Filter>
  </ItemGroup>
  <ItemGroup>
    <CustomBuild Include="dbWidget.h" />
  </ItemGroup>
</Project>